<?xml version="1.0" encoding="utf-8"?>
<Project ToolsVersion="4.0" xmlns="http://schemas.microsoft.com/developer/msbuild/2003">
  <ItemGroup>
    <Filter Include="Source Files">
      <UniqueIdentifier>{4FC737F1-C7A5-4376-A066-2A32D752A2FF}</UniqueIdentifier>
      <Extensions>cpp;c;cc;cxx;def;odl;idl;hpj;bat;asm;asmx</Extensions>
    </Filter>
    <Filter Include="Header Files">
      <UniqueIdentifier>{93995380-89BD-4b04-88EB-625FBE52EBFB}</UniqueIdentifier>
      <Extensions>h;hh;hpp;hxx;hm;inl;inc;xsd</Extensions>
    </Filter>
    <Filter Include="PacketHandlers">
      <UniqueIdentifier>{bcbfbbb4-2917-490a-b36d-cbd25285cb29}</UniqueIdentifier>
    </Filter>
    <Filter Include="Crypto">
      <UniqueIdentifier>{b7f534cb-92fe-482e-9968-1c34b365e7fa}</UniqueIdentifier>
    </Filter>
    <Filter Include="Cards">
      <UniqueIdentifier>{8f72b14a-9c95-463a-9db3-c650b274cf75}</UniqueIdentifier>
    </Filter>
    <Filter Include="Spells">
      <UniqueIdentifier>{fe0b8a3b-c12c-479c-ae89-def2ecf8a982}</UniqueIdentifier>
    </Filter>
  </ItemGroup>
  <ItemGroup>
    <ClInclude Include="Shared\SharedDefines.h">
      <Filter>Header Files</Filter>
    </ClInclude>
    <ClInclude Include="Server\DataHolder.h">
      <Filter>Header Files</Filter>
    </ClInclude>
    <ClInclude Include="Server\Game.h">
      <Filter>Header Files</Filter>
    </ClInclude>
    <ClInclude Include="Server\Player.h">
      <Filter>Header Files</Filter>
    </ClInclude>
    <ClInclude Include="Server\StaticHelper.h">
      <Filter>Header Files</Filter>
    </ClInclude>
    <ClInclude Include="Multiplatform\NetworkCommunication.h">
      <Filter>Header Files</Filter>
    </ClInclude>
    <ClInclude Include="Crypto\Aes.h">
      <Filter>Crypto</Filter>
    </ClInclude>
    <ClInclude Include="Crypto\Rsa.h">
      <Filter>Crypto</Filter>
    </ClInclude>
    <ClInclude Include="Crypto\Sha.h">
      <Filter>Crypto</Filter>
    </ClInclude>
    <ClInclude Include="Crypto\Keys\RSAPrivateKey.h">
      <Filter>Crypto</Filter>
    </ClInclude>
    <ClInclude Include="Server\PlayerDefines.h">
      <Filter>Header Files</Filter>
    </ClInclude>
    <ClInclude Include="Server\Spells\Spell.h">
      <Filter>Spells</Filter>
    </ClInclude>
    <ClInclude Include="Server\Spells\SpellEffect.h">
      <Filter>Spells</Filter>
    </ClInclude>
    <ClInclude Include="Server\Spells\SpellTargetSelector.h">
      <Filter>Spells</Filter>
    </ClInclude>
    <ClInclude Include="Server\Cards\Card.h">
      <Filter>Cards</Filter>
    </ClInclude>
    <ClInclude Include="Server\Cards\DefensiveCard.h">
      <Filter>Cards</Filter>
    </ClInclude>
    <ClInclude Include="Server\Cards\MeleeCard.h">
      <Filter>Cards</Filter>
    </ClInclude>
    <ClInclude Include="Server\Cards\PlayableCard.h">
      <Filter>Cards</Filter>
    </ClInclude>
    <ClInclude Include="Server\Cards\RangedCard.h">
      <Filter>Cards</Filter>
    </ClInclude>
    <ClInclude Include="Server\Spells\SpellAuraEffect.h">
      <Filter>Spells</Filter>
    </ClInclude>
    <ClInclude Include="Server\Spells\SpellAuraEffectHandler.h">
      <Filter>Spells</Filter>
    </ClInclude>
    <ClInclude Include="Server\PacketHandlers\ByteBuffer.h">
      <Filter>PacketHandlers</Filter>
    </ClInclude>
    <ClInclude Include="Server\PacketHandlers\Guid.h">
      <Filter>PacketHandlers</Filter>
    </ClInclude>
    <ClInclude Include="Server\PacketHandlers\Packet.h">
      <Filter>PacketHandlers</Filter>
    </ClInclude>
    <ClInclude Include="Server\PacketHandlers\PacketHandler.h">
      <Filter>PacketHandlers</Filter>
    </ClInclude>
    <ClInclude Include="Server\ServerNetwork.h">
      <Filter>Header Files</Filter>
    </ClInclude>
    <ClInclude Include="Server\ServerGame.h">
      <Filter>Header Files</Filter>
    </ClInclude>
    <ClInclude Include="Server\NetworkServices.h">
      <Filter>Header Files</Filter>
    </ClInclude>
    <ClInclude Include="Server\SignalHandler.h">
      <Filter>Header Files</Filter>
    </ClInclude>
    <ClInclude Include="Multiplatform\Signals.h">
      <Filter>Header Files</Filter>
    </ClInclude>
  </ItemGroup>
  <ItemGroup>
    <ClCompile Include="Server\DataHolder.cpp">
      <Filter>Source Files</Filter>
    </ClCompile>
    <ClCompile Include="Server\Game.cpp">
      <Filter>Source Files</Filter>
    </ClCompile>
    <ClCompile Include="Server\Player.cpp">
      <Filter>Source Files</Filter>
    </ClCompile>
    <ClCompile Include="Server\Server.cpp">
      <Filter>Source Files</Filter>
    </ClCompile>
    <ClCompile Include="Server\StaticHelper.cpp">
      <Filter>Source Files</Filter>
    </ClCompile>
    <ClCompile Include="Crypto\Aes.cpp">
      <Filter>Crypto</Filter>
    </ClCompile>
    <ClCompile Include="Crypto\Rsa.cpp">
      <Filter>Crypto</Filter>
    </ClCompile>
    <ClCompile Include="Crypto\Sha.cpp">
      <Filter>Crypto</Filter>
    </ClCompile>
    <ClCompile Include="Server\Spells\Spell.cpp">
      <Filter>Spells</Filter>
    </ClCompile>
    <ClCompile Include="Server\Spells\SpellEffect.cpp">
      <Filter>Spells</Filter>
    </ClCompile>
    <ClCompile Include="Server\Spells\SpellTargetSelector.cpp">
      <Filter>Spells</Filter>
    </ClCompile>
    <ClCompile Include="Server\Cards\Card.cpp">
      <Filter>Cards</Filter>
    </ClCompile>
    <ClCompile Include="Server\Cards\DefensiveCard.cpp">
      <Filter>Cards</Filter>
    </ClCompile>
    <ClCompile Include="Server\Cards\MeleeCard.cpp">
      <Filter>Cards</Filter>
    </ClCompile>
    <ClCompile Include="Server\Cards\PlayableCard.cpp">
      <Filter>Cards</Filter>
    </ClCompile>
    <ClCompile Include="Server\Cards\RangedCard.cpp">
      <Filter>Cards</Filter>
    </ClCompile>
    <ClCompile Include="Server\Spells\SpellAuraEffect.cpp">
      <Filter>Spells</Filter>
    </ClCompile>
    <ClCompile Include="Server\Spells\SpellAuraEffectHandler.cpp">
      <Filter>Spells</Filter>
    </ClCompile>
    <ClCompile Include="Server\PacketHandlers\ByteBuffer.cpp">
      <Filter>PacketHandlers</Filter>
    </ClCompile>
    <ClCompile Include="Server\PacketHandlers\CardHandler.cpp">
      <Filter>PacketHandlers</Filter>
    </ClCompile>
    <ClCompile Include="Server\PacketHandlers\Guid.cpp">
      <Filter>PacketHandlers</Filter>
    </ClCompile>
    <ClCompile Include="Server\PacketHandlers\ChatHandler.cpp">
      <Filter>PacketHandlers</Filter>
    </ClCompile>
    <ClCompile Include="Server\PacketHandlers\MiscHandler.cpp">
      <Filter>PacketHandlers</Filter>
    </ClCompile>
    <ClCompile Include="Server\PacketHandlers\Packet.cpp">
      <Filter>PacketHandlers</Filter>
    </ClCompile>
    <ClCompile Include="Server\PacketHandlers\PacketHandler.cpp">
      <Filter>PacketHandlers</Filter>
    </ClCompile>
    <ClCompile Include="Server\NetworkServices.cpp">
      <Filter>Source Files</Filter>
    </ClCompile>
    <ClCompile Include="Server\ServerGame.cpp">
      <Filter>Source Files</Filter>
    </ClCompile>
    <ClCompile Include="Server\ServerNetwork.cpp">
      <Filter>Source Files</Filter>
    </ClCompile>
    <ClCompile Include="Server\SignalHandler.cpp">
      <Filter>Source Files</Filter>
    </ClCompile>
  </ItemGroup>
</Project>