<?xml version="1.0" encoding="utf-8"?>
<Project ToolsVersion="4.0" xmlns="http://schemas.microsoft.com/developer/msbuild/2003">
  <ItemGroup>
    <Filter Include="Source Files">
      <UniqueIdentifier>{4FC737F1-C7A5-4376-A066-2A32D752A2FF}</UniqueIdentifier>
      <Extensions>cpp;c;cc;cxx;def;odl;idl;hpj;bat;asm;asmx</Extensions>
    </Filter>
    <Filter Include="Header Files">
      <UniqueIdentifier>{93995380-89BD-4b04-88EB-625FBE52EBFB}</UniqueIdentifier>
      <Extensions>h;hh;hpp;hxx;hm;inl;inc;xsd</Extensions>
    </Filter>
    <Filter Include="Resource Files">
      <UniqueIdentifier>{67DA6AB6-F800-4c08-8B7A-83BB121AAD01}</UniqueIdentifier>
      <Extensions>rc;ico;cur;bmp;dlg;rc2;rct;bin;rgs;gif;jpg;jpeg;jpe;resx;tiff;tif;png;wav;mfcribbon-ms</Extensions>
    </Filter>
    <Filter Include="PacketHandlers">
      <UniqueIdentifier>{bcbfbbb4-2917-490a-b36d-cbd25285cb29}</UniqueIdentifier>
    </Filter>
    <Filter Include="Crypto">
      <UniqueIdentifier>{b7f534cb-92fe-482e-9968-1c34b365e7fa}</UniqueIdentifier>
    </Filter>
  </ItemGroup>
  <ItemGroup>
    <ClInclude Include="Shared\SharedDefines.h">
      <Filter>Header Files</Filter>
    </ClInclude>
    <ClInclude Include="Server\DataHolder.h">
      <Filter>Header Files</Filter>
    </ClInclude>
    <ClInclude Include="Server\Game.h">
      <Filter>Header Files</Filter>
    </ClInclude>
    <ClInclude Include="Server\Guid.h">
      <Filter>Header Files</Filter>
    </ClInclude>
    <ClInclude Include="Server\networkServices.h">
      <Filter>Header Files</Filter>
    </ClInclude>
    <ClInclude Include="Server\Packet.h">
      <Filter>Header Files</Filter>
    </ClInclude>
    <ClInclude Include="Server\Player.h">
      <Filter>Header Files</Filter>
    </ClInclude>
    <ClInclude Include="Server\serverGame.h">
      <Filter>Header Files</Filter>
    </ClInclude>
    <ClInclude Include="Server\serverNetwork.h">
      <Filter>Header Files</Filter>
    </ClInclude>
    <ClInclude Include="Server\StaticHelper.h">
      <Filter>Header Files</Filter>
    </ClInclude>
    <ClInclude Include="Multiplatform\NetworkCommunication.h">
      <Filter>Header Files</Filter>
    </ClInclude>
    <ClInclude Include="Server\PacketHandler.h">
      <Filter>PacketHandlers</Filter>
    </ClInclude>
    <ClInclude Include="Crypto\Aes.h">
      <Filter>Crypto</Filter>
    </ClInclude>
    <ClInclude Include="Crypto\Rsa.h">
      <Filter>Crypto</Filter>
    </ClInclude>
    <ClInclude Include="Crypto\Sha.h">
      <Filter>Crypto</Filter>
    </ClInclude>
    <ClInclude Include="Crypto\Keys\RSAPrivateKey.h">
      <Filter>Crypto</Filter>
    </ClInclude>
    <ClInclude Include="Server\Card\Card.h">
      <Filter>Header Files</Filter>
    </ClInclude>
    <ClInclude Include="Server\Card\PlayableCard.h">
      <Filter>Header Files</Filter>
    </ClInclude>
    <ClInclude Include="Server\Card\MeleeCard.h">
      <Filter>Header Files</Filter>
    </ClInclude>
    <ClInclude Include="Server\Card\DefensiveCard.h">
      <Filter>Header Files</Filter>
    </ClInclude>
    <ClInclude Include="Server\Card\RangedCard.h">
      <Filter>Header Files</Filter>
    </ClInclude>
    <ClInclude Include="Server\PlayerDefines.h">
      <Filter>Header Files</Filter>
    </ClInclude>
  </ItemGroup>
  <ItemGroup>
    <ClCompile Include="Server\DataHolder.cpp">
      <Filter>Source Files</Filter>
    </ClCompile>
    <ClCompile Include="Server\Game.cpp">
      <Filter>Source Files</Filter>
    </ClCompile>
    <ClCompile Include="Server\Guid.cpp">
      <Filter>Source Files</Filter>
    </ClCompile>
    <ClCompile Include="Server\networkServices.cpp">
      <Filter>Source Files</Filter>
    </ClCompile>
    <ClCompile Include="Server\Packet.cpp">
      <Filter>Source Files</Filter>
    </ClCompile>
    <ClCompile Include="Server\Player.cpp">
      <Filter>Source Files</Filter>
    </ClCompile>
    <ClCompile Include="Server\Server.cpp">
      <Filter>Source Files</Filter>
    </ClCompile>
    <ClCompile Include="Server\serverGame.cpp">
      <Filter>Source Files</Filter>
    </ClCompile>
    <ClCompile Include="Server\serverNetwork.cpp">
      <Filter>Source Files</Filter>
    </ClCompile>
    <ClCompile Include="Server\StaticHelper.cpp">
      <Filter>Source Files</Filter>
    </ClCompile>
    <ClCompile Include="Server\PacketHandler.cpp">
      <Filter>PacketHandlers</Filter>
    </ClCompile>
    <ClCompile Include="Server\ChatHandler.cpp">
      <Filter>PacketHandlers</Filter>
    </ClCompile>
    <ClCompile Include="Server\MiscHandler.cpp">
      <Filter>PacketHandlers</Filter>
    </ClCompile>
    <ClCompile Include="Server\CardHandler.cpp">
      <Filter>PacketHandlers</Filter>
    </ClCompile>
    <ClCompile Include="Crypto\Aes.cpp">
      <Filter>Crypto</Filter>
    </ClCompile>
    <ClCompile Include="Crypto\Rsa.cpp">
      <Filter>Crypto</Filter>
    </ClCompile>
    <ClCompile Include="Crypto\Sha.cpp">
      <Filter>Crypto</Filter>
    </ClCompile>
    <ClCompile Include="Server\Card\Card.cpp">
      <Filter>Source Files</Filter>
    </ClCompile>
    <ClCompile Include="Server\Card\PlayableCard.cpp">
      <Filter>Source Files</Filter>
    </ClCompile>
    <ClCompile Include="Server\Card\MeleeCard.cpp">
      <Filter>Source Files</Filter>
    </ClCompile>
    <ClCompile Include="Server\Card\DefensiveCard.cpp">
      <Filter>Source Files</Filter>
    </ClCompile>
    <ClCompile Include="Server\Card\RangedCard.cpp">
      <Filter>Source Files</Filter>
    </ClCompile>
  </ItemGroup>
</Project>